// !$*UTF8*$!
{
	archiveVersion = 1;
	classes = {
	};
	objectVersion = 50;
	objects = {

/* Begin PBXBuildFile section */
		16279B2123C1535400E27297 /* main.m in Sources */ = {isa = PBXBuildFile; fileRef = 16279B2023C1535400E27297 /* main.m */; };
		1655C74C23C15FAD00886812 /* LocationSimulator.m in Sources */ = {isa = PBXBuildFile; fileRef = 1655C74B23C15FAD00886812 /* LocationSimulator.m */; };
		1655C75723C17D1F00886812 /* libimobiledevice.6.dylib in Frameworks */ = {isa = PBXBuildFile; fileRef = 1655C75623C17D1F00886812 /* libimobiledevice.6.dylib */; };
		1655C75D23C275AE00886812 /* Extensions.m in Sources */ = {isa = PBXBuildFile; fileRef = 1655C75C23C275AE00886812 /* Extensions.m */; };
		1655C75E23C291C600886812 /* libimobiledevice.6.dylib in Frameworks */ = {isa = PBXBuildFile; fileRef = 1655C75623C17D1F00886812 /* libimobiledevice.6.dylib */; };
/* End PBXBuildFile section */

/* Begin PBXCopyFilesBuildPhase section */
		16279B1B23C1535400E27297 /* CopyFiles */ = {
			isa = PBXCopyFilesBuildPhase;
			buildActionMask = 2147483647;
			dstPath = /usr/share/man/man1/;
			dstSubfolderSpec = 0;
			files = (
			);
			runOnlyForDeploymentPostprocessing = 1;
		};
/* End PBXCopyFilesBuildPhase section */

/* Begin PBXFileReference section */
		16279B1D23C1535400E27297 /* ilocationsim */ = {isa = PBXFileReference; explicitFileType = "compiled.mach-o.executable"; includeInIndex = 0; path = ilocationsim; sourceTree = BUILT_PRODUCTS_DIR; };
		16279B2023C1535400E27297 /* main.m */ = {isa = PBXFileReference; lastKnownFileType = sourcecode.c.objc; path = main.m; sourceTree = "<group>"; };
		1655C74A23C15F9C00886812 /* LocationSimulator.h */ = {isa = PBXFileReference; lastKnownFileType = sourcecode.c.h; path = LocationSimulator.h; sourceTree = "<group>"; };
		1655C74B23C15FAD00886812 /* LocationSimulator.m */ = {isa = PBXFileReference; lastKnownFileType = sourcecode.c.objc; path = LocationSimulator.m; sourceTree = "<group>"; };
		1655C75623C17D1F00886812 /* libimobiledevice.6.dylib */ = {isa = PBXFileReference; lastKnownFileType = "compiled.mach-o.dylib"; name = libimobiledevice.6.dylib; path = ../../../../usr/local/lib/libimobiledevice.6.dylib; sourceTree = "<group>"; };
		1655C75B23C275A200886812 /* Extensions.h */ = {isa = PBXFileReference; fileEncoding = 4; lastKnownFileType = sourcecode.c.h; path = Extensions.h; sourceTree = "<group>"; };
		1655C75C23C275AE00886812 /* Extensions.m */ = {isa = PBXFileReference; fileEncoding = 4; lastKnownFileType = sourcecode.c.objc; path = Extensions.m; sourceTree = "<group>"; };
/* End PBXFileReference section */

/* Begin PBXFrameworksBuildPhase section */
		16279B1A23C1535400E27297 /* Frameworks */ = {
			isa = PBXFrameworksBuildPhase;
			buildActionMask = 2147483647;
			files = (
				1655C75E23C291C600886812 /* libimobiledevice.6.dylib in Frameworks */,
				1655C75723C17D1F00886812 /* libimobiledevice.6.dylib in Frameworks */,
			);
			runOnlyForDeploymentPostprocessing = 0;
		};
/* End PBXFrameworksBuildPhase section */

/* Begin PBXGroup section */
		16279B1423C1535400E27297 = {
			isa = PBXGroup;
			children = (
				16279B1F23C1535400E27297 /* ilocationsim */,
				16279B1E23C1535400E27297 /* Products */,
				1655C74023C155FE00886812 /* Frameworks */,
			);
			sourceTree = "<group>";
		};
		16279B1E23C1535400E27297 /* Products */ = {
			isa = PBXGroup;
			children = (
				16279B1D23C1535400E27297 /* ilocationsim */,
			);
			name = Products;
			sourceTree = "<group>";
		};
		16279B1F23C1535400E27297 /* ilocationsim */ = {
			isa = PBXGroup;
			children = (
				16279B2023C1535400E27297 /* main.m */,
				1655C74A23C15F9C00886812 /* LocationSimulator.h */,
				1655C74B23C15FAD00886812 /* LocationSimulator.m */,
				1655C75B23C275A200886812 /* Extensions.h */,
				1655C75C23C275AE00886812 /* Extensions.m */,
			);
			path = ilocationsim;
			sourceTree = "<group>";
		};
		1655C74023C155FE00886812 /* Frameworks */ = {
			isa = PBXGroup;
			children = (
				1655C75623C17D1F00886812 /* libimobiledevice.6.dylib */,
			);
			name = Frameworks;
			sourceTree = "<group>";
		};
/* End PBXGroup section */

/* Begin PBXNativeTarget section */
		16279B1C23C1535400E27297 /* ilocationsim */ = {
			isa = PBXNativeTarget;
			buildConfigurationList = 16279B2423C1535400E27297 /* Build configuration list for PBXNativeTarget "ilocationsim" */;
			buildPhases = (
				16279B1923C1535400E27297 /* Sources */,
				16279B1A23C1535400E27297 /* Frameworks */,
				16279B1B23C1535400E27297 /* CopyFiles */,
			);
			buildRules = (
			);
			dependencies = (
			);
			name = ilocationsim;
			productName = ilocationsim;
			productReference = 16279B1D23C1535400E27297 /* ilocationsim */;
			productType = "com.apple.product-type.tool";
		};
/* End PBXNativeTarget section */

/* Begin PBXProject section */
		16279B1523C1535400E27297 /* Project object */ = {
			isa = PBXProject;
			attributes = {
				LastUpgradeCheck = 1130;
				ORGANIZATIONNAME = JacobCXDev;
				TargetAttributes = {
					16279B1C23C1535400E27297 = {
						CreatedOnToolsVersion = 11.3;
					};
				};
			};
			buildConfigurationList = 16279B1823C1535400E27297 /* Build configuration list for PBXProject "ilocationsim" */;
			compatibilityVersion = "Xcode 9.3";
			developmentRegion = en;
			hasScannedForEncodings = 0;
			knownRegions = (
				en,
				Base,
			);
			mainGroup = 16279B1423C1535400E27297;
			productRefGroup = 16279B1E23C1535400E27297 /* Products */;
			projectDirPath = "";
			projectRoot = "";
			targets = (
				16279B1C23C1535400E27297 /* ilocationsim */,
			);
		};
/* End PBXProject section */

/* Begin PBXSourcesBuildPhase section */
		16279B1923C1535400E27297 /* Sources */ = {
			isa = PBXSourcesBuildPhase;
			buildActionMask = 2147483647;
			files = (
				1655C75D23C275AE00886812 /* Extensions.m in Sources */,
				16279B2123C1535400E27297 /* main.m in Sources */,
				1655C74C23C15FAD00886812 /* LocationSimulator.m in Sources */,
			);
			runOnlyForDeploymentPostprocessing = 0;
		};
/* End PBXSourcesBuildPhase section */

/* Begin XCBuildConfiguration section */
		16279B2223C1535400E27297 /* Debug */ = {
			isa = XCBuildConfiguration;
			buildSettings = {
				ALWAYS_SEARCH_USER_PATHS = NO;
				CLANG_ANALYZER_NONNULL = YES;
				CLANG_ANALYZER_NUMBER_OBJECT_CONVERSION = YES_AGGRESSIVE;
				CLANG_CXX_LANGUAGE_STANDARD = "gnu++14";
				CLANG_CXX_LIBRARY = "libc++";
				CLANG_ENABLE_MODULES = YES;
				CLANG_ENABLE_OBJC_ARC = YES;
				CLANG_ENABLE_OBJC_WEAK = YES;
				CLANG_WARN_BLOCK_CAPTURE_AUTORELEASING = YES;
				CLANG_WARN_BOOL_CONVERSION = YES;
				CLANG_WARN_COMMA = YES;
				CLANG_WARN_CONSTANT_CONVERSION = YES;
				CLANG_WARN_DEPRECATED_OBJC_IMPLEMENTATIONS = YES;
				CLANG_WARN_DIRECT_OBJC_ISA_USAGE = YES_ERROR;
				CLANG_WARN_DOCUMENTATION_COMMENTS = YES;
				CLANG_WARN_EMPTY_BODY = YES;
				CLANG_WARN_ENUM_CONVERSION = YES;
				CLANG_WARN_INFINITE_RECURSION = YES;
				CLANG_WARN_INT_CONVERSION = YES;
				CLANG_WARN_NON_LITERAL_NULL_CONVERSION = YES;
				CLANG_WARN_OBJC_IMPLICIT_RETAIN_SELF = YES;
				CLANG_WARN_OBJC_LITERAL_CONVERSION = YES;
				CLANG_WARN_OBJC_ROOT_CLASS = YES_ERROR;
				CLANG_WARN_RANGE_LOOP_ANALYSIS = YES;
				CLANG_WARN_STRICT_PROTOTYPES = YES;
				CLANG_WARN_SUSPICIOUS_MOVE = YES;
				CLANG_WARN_UNGUARDED_AVAILABILITY = YES_AGGRESSIVE;
				CLANG_WARN_UNREACHABLE_CODE = YES;
				CLANG_WARN__DUPLICATE_METHOD_MATCH = YES;
				COPY_PHASE_STRIP = NO;
				DEBUG_INFORMATION_FORMAT = dwarf;
				ENABLE_STRICT_OBJC_MSGSEND = YES;
				ENABLE_TESTABILITY = YES;
				GCC_C_LANGUAGE_STANDARD = gnu11;
				GCC_DYNAMIC_NO_PIC = NO;
				GCC_NO_COMMON_BLOCKS = YES;
				GCC_OPTIMIZATION_LEVEL = 0;
				GCC_PREPROCESSOR_DEFINITIONS = (
					"DEBUG=1",
					"$(inherited)",
				);
				GCC_WARN_64_TO_32_BIT_CONVERSION = YES;
				GCC_WARN_ABOUT_RETURN_TYPE = YES_ERROR;
				GCC_WARN_UNDECLARED_SELECTOR = YES;
				GCC_WARN_UNINITIALIZED_AUTOS = YES_AGGRESSIVE;
				GCC_WARN_UNUSED_FUNCTION = YES;
				GCC_WARN_UNUSED_VARIABLE = YES;
				MACOSX_DEPLOYMENT_TARGET = 10.15;
				MTL_ENABLE_DEBUG_INFO = INCLUDE_SOURCE;
				MTL_FAST_MATH = YES;
				ONLY_ACTIVE_ARCH = YES;
				SDKROOT = macosx;
			};
			name = Debug;
		};
		16279B2323C1535400E27297 /* Release */ = {
			isa = XCBuildConfiguration;
			buildSettings = {
				ALWAYS_SEARCH_USER_PATHS = NO;
				CLANG_ANALYZER_NONNULL = YES;
				CLANG_ANALYZER_NUMBER_OBJECT_CONVERSION = YES_AGGRESSIVE;
				CLANG_CXX_LANGUAGE_STANDARD = "gnu++14";
				CLANG_CXX_LIBRARY = "libc++";
				CLANG_ENABLE_MODULES = YES;
				CLANG_ENABLE_OBJC_ARC = YES;
				CLANG_ENABLE_OBJC_WEAK = YES;
				CLANG_WARN_BLOCK_CAPTURE_AUTORELEASING = YES;
				CLANG_WARN_BOOL_CONVERSION = YES;
				CLANG_WARN_COMMA = YES;
				CLANG_WARN_CONSTANT_CONVERSION = YES;
				CLANG_WARN_DEPRECATED_OBJC_IMPLEMENTATIONS = YES;
				CLANG_WARN_DIRECT_OBJC_ISA_USAGE = YES_ERROR;
				CLANG_WARN_DOCUMENTATION_COMMENTS = YES;
				CLANG_WARN_EMPTY_BODY = YES;
				CLANG_WARN_ENUM_CONVERSION = YES;
				CLANG_WARN_INFINITE_RECURSION = YES;
				CLANG_WARN_INT_CONVERSION = YES;
				CLANG_WARN_NON_LITERAL_NULL_CONVERSION = YES;
				CLANG_WARN_OBJC_IMPLICIT_RETAIN_SELF = YES;
				CLANG_WARN_OBJC_LITERAL_CONVERSION = YES;
				CLANG_WARN_OBJC_ROOT_CLASS = YES_ERROR;
				CLANG_WARN_RANGE_LOOP_ANALYSIS = YES;
				CLANG_WARN_STRICT_PROTOTYPES = YES;
				CLANG_WARN_SUSPICIOUS_MOVE = YES;
				CLANG_WARN_UNGUARDED_AVAILABILITY = YES_AGGRESSIVE;
				CLANG_WARN_UNREACHABLE_CODE = YES;
				CLANG_WARN__DUPLICATE_METHOD_MATCH = YES;
				COPY_PHASE_STRIP = NO;
				DEBUG_INFORMATION_FORMAT = "dwarf-with-dsym";
				ENABLE_NS_ASSERTIONS = NO;
				ENABLE_STRICT_OBJC_MSGSEND = YES;
				GCC_C_LANGUAGE_STANDARD = gnu11;
				GCC_NO_COMMON_BLOCKS = YES;
				GCC_WARN_64_TO_32_BIT_CONVERSION = YES;
				GCC_WARN_ABOUT_RETURN_TYPE = YES_ERROR;
				GCC_WARN_UNDECLARED_SELECTOR = YES;
				GCC_WARN_UNINITIALIZED_AUTOS = YES_AGGRESSIVE;
				GCC_WARN_UNUSED_FUNCTION = YES;
				GCC_WARN_UNUSED_VARIABLE = YES;
				MACOSX_DEPLOYMENT_TARGET = 10.15;
				MTL_ENABLE_DEBUG_INFO = NO;
				MTL_FAST_MATH = YES;
				SDKROOT = macosx;
			};
			name = Release;
		};
		16279B2523C1535400E27297 /* Debug */ = {
			isa = XCBuildConfiguration;
			buildSettings = {
				CODE_SIGN_STYLE = Automatic;
				DEVELOPMENT_TEAM = 9489Q3YVAN;
				ENABLE_HARDENED_RUNTIME = YES;
				FRAMEWORK_SEARCH_PATHS = "$(PROJECT_DIR)";
				HEADER_SEARCH_PATHS = /usr/local/include;
				LIBRARY_SEARCH_PATHS = (
					/usr/local/lib,
					/usr/local/Cellar/libplist/2.1.0/lib,
				);
				OTHER_LDFLAGS = "";
				PRODUCT_NAME = "$(TARGET_NAME)";
			};
			name = Debug;
		};
		16279B2623C1535400E27297 /* Release */ = {
			isa = XCBuildConfiguration;
			buildSettings = {
				CODE_SIGN_STYLE = Automatic;
				DEVELOPMENT_TEAM = 9489Q3YVAN;
				ENABLE_HARDENED_RUNTIME = YES;
				FRAMEWORK_SEARCH_PATHS = "$(PROJECT_DIR)";
				HEADER_SEARCH_PATHS = /usr/local/include;
				LIBRARY_SEARCH_PATHS = (
					/usr/local/lib,
					/usr/local/Cellar/libplist/2.1.0/lib,
				);
				OTHER_LDFLAGS = "";
				PRODUCT_NAME = "$(TARGET_NAME)";
			};
			name = Release;
		};
/* End XCBuildConfiguration section */

/* Begin XCConfigurationList section */
		16279B1823C1535400E27297 /* Build configuration list for PBXProject "ilocationsim" */ = {
			isa = XCConfigurationList;
			buildConfigurations = (
				16279B2223C1535400E27297 /* Debug */,
				16279B2323C1535400E27297 /* Release */,
			);
			defaultConfigurationIsVisible = 0;
			defaultConfigurationName = Release;
		};
		16279B2423C1535400E27297 /* Build configuration list for PBXNativeTarget "ilocationsim" */ = {
			isa = XCConfigurationList;
			buildConfigurations = (
				16279B2523C1535400E27297 /* Debug */,
				16279B2623C1535400E27297 /* Release */,
			);
			defaultConfigurationIsVisible = 0;
			defaultConfigurationName = Release;
		};
/* End XCConfigurationList section */
	};
	rootObject = 16279B1523C1535400E27297 /* Project object */;
}
